// !$*UTF8*$!
{
	archiveVersion = 1;
	classes = {
	};
	objectVersion = 56;
	objects = {

/* Begin PBXBuildFile section */
		0160657A2AF9075D006802A3 /* Int.swift in Sources */ = {isa = PBXBuildFile; fileRef = 016065792AF9075D006802A3 /* Int.swift */; };
		0160657C2AF908F4006802A3 /* PaymentVC.xib in Resources */ = {isa = PBXBuildFile; fileRef = 0160657B2AF908F4006802A3 /* PaymentVC.xib */; };
		0160657E2AF908FC006802A3 /* PaymentVC.swift in Sources */ = {isa = PBXBuildFile; fileRef = 0160657D2AF908FC006802A3 /* PaymentVC.swift */; };
		016065872AF90F2B006802A3 /* LocalHelper.swift in Sources */ = {isa = PBXBuildFile; fileRef = 016065862AF90F2B006802A3 /* LocalHelper.swift */; };
		016065892AF90F62006802A3 /* PaymentCacheKey.swift in Sources */ = {isa = PBXBuildFile; fileRef = 016065882AF90F62006802A3 /* PaymentCacheKey.swift */; };
		0160658D2AF9102B006802A3 /* PaymentVM.swift in Sources */ = {isa = PBXBuildFile; fileRef = 0160658C2AF9102B006802A3 /* PaymentVM.swift */; };
		0160658F2AF91039006802A3 /* PaymentModel.swift in Sources */ = {isa = PBXBuildFile; fileRef = 0160658E2AF91039006802A3 /* PaymentModel.swift */; };
		016065932AF912B5006802A3 /* UITableView.swift in Sources */ = {isa = PBXBuildFile; fileRef = 016065922AF912B5006802A3 /* UITableView.swift */; };
		016065952AF91390006802A3 /* ClasNameProtocol.swift in Sources */ = {isa = PBXBuildFile; fileRef = 016065942AF91390006802A3 /* ClasNameProtocol.swift */; };
		016065992AF9145E006802A3 /* PaymentHistoryCell.swift in Sources */ = {isa = PBXBuildFile; fileRef = 016065972AF9145E006802A3 /* PaymentHistoryCell.swift */; };
		0160659A2AF9145E006802A3 /* PaymentHistoryCell.xib in Resources */ = {isa = PBXBuildFile; fileRef = 016065982AF9145E006802A3 /* PaymentHistoryCell.xib */; };
		01632C282AF8945700A863D2 /* AppDelegate.swift in Sources */ = {isa = PBXBuildFile; fileRef = 01632C272AF8945700A863D2 /* AppDelegate.swift */; };
		01632C2A2AF8945700A863D2 /* SceneDelegate.swift in Sources */ = {isa = PBXBuildFile; fileRef = 01632C292AF8945700A863D2 /* SceneDelegate.swift */; };
		01632C2C2AF8945700A863D2 /* RootVC.swift in Sources */ = {isa = PBXBuildFile; fileRef = 01632C2B2AF8945700A863D2 /* RootVC.swift */; };
		01632C312AF8945800A863D2 /* Assets.xcassets in Resources */ = {isa = PBXBuildFile; fileRef = 01632C302AF8945800A863D2 /* Assets.xcassets */; };
		01632C342AF8945800A863D2 /* LaunchScreen.storyboard in Resources */ = {isa = PBXBuildFile; fileRef = 01632C322AF8945800A863D2 /* LaunchScreen.storyboard */; };
		01632C472AF897CA00A863D2 /* QRVC.swift in Sources */ = {isa = PBXBuildFile; fileRef = 01632C452AF897CA00A863D2 /* QRVC.swift */; };
		01632C482AF897CA00A863D2 /* QRVC.xib in Resources */ = {isa = PBXBuildFile; fileRef = 01632C462AF897CA00A863D2 /* QRVC.xib */; };
		01632C4B2AF897D900A863D2 /* PromoVC.swift in Sources */ = {isa = PBXBuildFile; fileRef = 01632C492AF897D900A863D2 /* PromoVC.swift */; };
		01632C4C2AF897D900A863D2 /* PromoVC.xib in Resources */ = {isa = PBXBuildFile; fileRef = 01632C4A2AF897D900A863D2 /* PromoVC.xib */; };
		01632C4F2AF897E300A863D2 /* PortofolioVC.swift in Sources */ = {isa = PBXBuildFile; fileRef = 01632C4D2AF897E300A863D2 /* PortofolioVC.swift */; };
		01632C502AF897E300A863D2 /* PortofolioVC.xib in Resources */ = {isa = PBXBuildFile; fileRef = 01632C4E2AF897E300A863D2 /* PortofolioVC.xib */; };
		01632C562AF8995700A863D2 /* PortofolioModel.swift in Sources */ = {isa = PBXBuildFile; fileRef = 01632C552AF8995700A863D2 /* PortofolioModel.swift */; };
		01632C5A2AF89D0B00A863D2 /* PortofolioVM.swift in Sources */ = {isa = PBXBuildFile; fileRef = 01632C592AF89D0B00A863D2 /* PortofolioVM.swift */; };
		01632C5E2AF8A07000A863D2 /* UIViewController.swift in Sources */ = {isa = PBXBuildFile; fileRef = 01632C5D2AF8A07000A863D2 /* UIViewController.swift */; };
		01632C632AF8A9A100A863D2 /* Main.storyboard in Resources */ = {isa = PBXBuildFile; fileRef = 01632C2D2AF8945700A863D2 /* Main.storyboard */; };
		01632C6B2AF8EFBC00A863D2 /* PromoVM.swift in Sources */ = {isa = PBXBuildFile; fileRef = 01632C6A2AF8EFBC00A863D2 /* PromoVM.swift */; };
		01632C6F2AF8F9BB00A863D2 /* QRModel.swift in Sources */ = {isa = PBXBuildFile; fileRef = 01632C6E2AF8F9BB00A863D2 /* QRModel.swift */; };
		017694B12B6C99C2008ECDA9 /* PromoService.swift in Sources */ = {isa = PBXBuildFile; fileRef = 017694B02B6C99C2008ECDA9 /* PromoService.swift */; };
		017694B42B6C9A5C008ECDA9 /* PromoModel.swift in Sources */ = {isa = PBXBuildFile; fileRef = 017694B32B6C9A5C008ECDA9 /* PromoModel.swift */; };
		017694B92B6C9D7D008ECDA9 /* PromoCell.swift in Sources */ = {isa = PBXBuildFile; fileRef = 017694B72B6C9D7D008ECDA9 /* PromoCell.swift */; };
		017694BA2B6C9D7D008ECDA9 /* PromoCell.xib in Resources */ = {isa = PBXBuildFile; fileRef = 017694B82B6C9D7D008ECDA9 /* PromoCell.xib */; };
		017694BC2B6C9EFF008ECDA9 /* UIImageView.swift in Sources */ = {isa = PBXBuildFile; fileRef = 017694BB2B6C9EFF008ECDA9 /* UIImageView.swift */; };
		017694C12B6CD937008ECDA9 /* GoogleService-Info.plist in Resources */ = {isa = PBXBuildFile; fileRef = 017694C02B6CD937008ECDA9 /* GoogleService-Info.plist */; };
		017694C52B6D4AB3008ECDA9 /* BaseNavigationController.swift in Sources */ = {isa = PBXBuildFile; fileRef = 017694C42B6D4AB3008ECDA9 /* BaseNavigationController.swift */; };
		EFC4007D8B85E98476BAAF21 /* Pods_iOSStudyCase.framework in Frameworks */ = {isa = PBXBuildFile; fileRef = 42600141475BF2397A655231 /* Pods_iOSStudyCase.framework */; };
/* End PBXBuildFile section */

/* Begin PBXFileReference section */
		016065792AF9075D006802A3 /* Int.swift */ = {isa = PBXFileReference; lastKnownFileType = sourcecode.swift; path = Int.swift; sourceTree = "<group>"; };
		0160657B2AF908F4006802A3 /* PaymentVC.xib */ = {isa = PBXFileReference; fileEncoding = 4; lastKnownFileType = file.xib; path = PaymentVC.xib; sourceTree = "<group>"; };
		0160657D2AF908FC006802A3 /* PaymentVC.swift */ = {isa = PBXFileReference; fileEncoding = 4; lastKnownFileType = sourcecode.swift; path = PaymentVC.swift; sourceTree = "<group>"; };
		016065862AF90F2B006802A3 /* LocalHelper.swift */ = {isa = PBXFileReference; lastKnownFileType = sourcecode.swift; path = LocalHelper.swift; sourceTree = "<group>"; };
		016065882AF90F62006802A3 /* PaymentCacheKey.swift */ = {isa = PBXFileReference; lastKnownFileType = sourcecode.swift; path = PaymentCacheKey.swift; sourceTree = "<group>"; };
		0160658C2AF9102B006802A3 /* PaymentVM.swift */ = {isa = PBXFileReference; lastKnownFileType = sourcecode.swift; path = PaymentVM.swift; sourceTree = "<group>"; };
		0160658E2AF91039006802A3 /* PaymentModel.swift */ = {isa = PBXFileReference; lastKnownFileType = sourcecode.swift; path = PaymentModel.swift; sourceTree = "<group>"; };
		016065922AF912B5006802A3 /* UITableView.swift */ = {isa = PBXFileReference; lastKnownFileType = sourcecode.swift; path = UITableView.swift; sourceTree = "<group>"; };
		016065942AF91390006802A3 /* ClasNameProtocol.swift */ = {isa = PBXFileReference; lastKnownFileType = sourcecode.swift; path = ClasNameProtocol.swift; sourceTree = "<group>"; };
		016065972AF9145E006802A3 /* PaymentHistoryCell.swift */ = {isa = PBXFileReference; lastKnownFileType = sourcecode.swift; path = PaymentHistoryCell.swift; sourceTree = "<group>"; };
		016065982AF9145E006802A3 /* PaymentHistoryCell.xib */ = {isa = PBXFileReference; lastKnownFileType = file.xib; path = PaymentHistoryCell.xib; sourceTree = "<group>"; };
		01632C242AF8945700A863D2 /* iOSStudyCase.app */ = {isa = PBXFileReference; explicitFileType = wrapper.application; includeInIndex = 0; path = iOSStudyCase.app; sourceTree = BUILT_PRODUCTS_DIR; };
		01632C272AF8945700A863D2 /* AppDelegate.swift */ = {isa = PBXFileReference; lastKnownFileType = sourcecode.swift; path = AppDelegate.swift; sourceTree = "<group>"; };
		01632C292AF8945700A863D2 /* SceneDelegate.swift */ = {isa = PBXFileReference; lastKnownFileType = sourcecode.swift; path = SceneDelegate.swift; sourceTree = "<group>"; };
		01632C2B2AF8945700A863D2 /* RootVC.swift */ = {isa = PBXFileReference; lastKnownFileType = sourcecode.swift; path = RootVC.swift; sourceTree = "<group>"; };
		01632C2E2AF8945700A863D2 /* Base */ = {isa = PBXFileReference; lastKnownFileType = file.storyboard; name = Base; path = Base.lproj/Main.storyboard; sourceTree = "<group>"; };
		01632C302AF8945800A863D2 /* Assets.xcassets */ = {isa = PBXFileReference; lastKnownFileType = folder.assetcatalog; path = Assets.xcassets; sourceTree = "<group>"; };
		01632C332AF8945800A863D2 /* Base */ = {isa = PBXFileReference; lastKnownFileType = file.storyboard; name = Base; path = Base.lproj/LaunchScreen.storyboard; sourceTree = "<group>"; };
		01632C352AF8945800A863D2 /* Info.plist */ = {isa = PBXFileReference; lastKnownFileType = text.plist.xml; path = Info.plist; sourceTree = "<group>"; };
		01632C452AF897CA00A863D2 /* QRVC.swift */ = {isa = PBXFileReference; lastKnownFileType = sourcecode.swift; path = QRVC.swift; sourceTree = "<group>"; };
		01632C462AF897CA00A863D2 /* QRVC.xib */ = {isa = PBXFileReference; lastKnownFileType = file.xib; path = QRVC.xib; sourceTree = "<group>"; };
		01632C492AF897D900A863D2 /* PromoVC.swift */ = {isa = PBXFileReference; lastKnownFileType = sourcecode.swift; path = PromoVC.swift; sourceTree = "<group>"; };
		01632C4A2AF897D900A863D2 /* PromoVC.xib */ = {isa = PBXFileReference; lastKnownFileType = file.xib; path = PromoVC.xib; sourceTree = "<group>"; };
		01632C4D2AF897E300A863D2 /* PortofolioVC.swift */ = {isa = PBXFileReference; lastKnownFileType = sourcecode.swift; path = PortofolioVC.swift; sourceTree = "<group>"; };
		01632C4E2AF897E300A863D2 /* PortofolioVC.xib */ = {isa = PBXFileReference; lastKnownFileType = file.xib; path = PortofolioVC.xib; sourceTree = "<group>"; };
		01632C552AF8995700A863D2 /* PortofolioModel.swift */ = {isa = PBXFileReference; lastKnownFileType = sourcecode.swift; path = PortofolioModel.swift; sourceTree = "<group>"; };
		01632C592AF89D0B00A863D2 /* PortofolioVM.swift */ = {isa = PBXFileReference; lastKnownFileType = sourcecode.swift; path = PortofolioVM.swift; sourceTree = "<group>"; };
		01632C5D2AF8A07000A863D2 /* UIViewController.swift */ = {isa = PBXFileReference; lastKnownFileType = sourcecode.swift; path = UIViewController.swift; sourceTree = "<group>"; };
		01632C6A2AF8EFBC00A863D2 /* PromoVM.swift */ = {isa = PBXFileReference; lastKnownFileType = sourcecode.swift; path = PromoVM.swift; sourceTree = "<group>"; };
		01632C6E2AF8F9BB00A863D2 /* QRModel.swift */ = {isa = PBXFileReference; lastKnownFileType = sourcecode.swift; path = QRModel.swift; sourceTree = "<group>"; };
		017694B02B6C99C2008ECDA9 /* PromoService.swift */ = {isa = PBXFileReference; lastKnownFileType = sourcecode.swift; path = PromoService.swift; sourceTree = "<group>"; };
		017694B32B6C9A5C008ECDA9 /* PromoModel.swift */ = {isa = PBXFileReference; lastKnownFileType = sourcecode.swift; path = PromoModel.swift; sourceTree = "<group>"; };
		017694B72B6C9D7D008ECDA9 /* PromoCell.swift */ = {isa = PBXFileReference; lastKnownFileType = sourcecode.swift; path = PromoCell.swift; sourceTree = "<group>"; };
		017694B82B6C9D7D008ECDA9 /* PromoCell.xib */ = {isa = PBXFileReference; lastKnownFileType = file.xib; path = PromoCell.xib; sourceTree = "<group>"; };
		017694BB2B6C9EFF008ECDA9 /* UIImageView.swift */ = {isa = PBXFileReference; lastKnownFileType = sourcecode.swift; path = UIImageView.swift; sourceTree = "<group>"; };
		017694BD2B6CD343008ECDA9 /* iOSStudyCase.entitlements */ = {isa = PBXFileReference; lastKnownFileType = text.plist.entitlements; path = iOSStudyCase.entitlements; sourceTree = "<group>"; };
		017694C02B6CD937008ECDA9 /* GoogleService-Info.plist */ = {isa = PBXFileReference; fileEncoding = 4; lastKnownFileType = text.plist.xml; path = "GoogleService-Info.plist"; sourceTree = "<group>"; };
		017694C42B6D4AB3008ECDA9 /* BaseNavigationController.swift */ = {isa = PBXFileReference; lastKnownFileType = sourcecode.swift; path = BaseNavigationController.swift; sourceTree = "<group>"; };
		42600141475BF2397A655231 /* Pods_iOSStudyCase.framework */ = {isa = PBXFileReference; explicitFileType = wrapper.framework; includeInIndex = 0; path = Pods_iOSStudyCase.framework; sourceTree = BUILT_PRODUCTS_DIR; };
		7A0E442FBFD7535FF1EE953E /* Pods-iOSStudyCase.release.xcconfig */ = {isa = PBXFileReference; includeInIndex = 1; lastKnownFileType = text.xcconfig; name = "Pods-iOSStudyCase.release.xcconfig"; path = "Target Support Files/Pods-iOSStudyCase/Pods-iOSStudyCase.release.xcconfig"; sourceTree = "<group>"; };
		FDDC9D447D80CDE26FDD5F2C /* Pods-iOSStudyCase.debug.xcconfig */ = {isa = PBXFileReference; includeInIndex = 1; lastKnownFileType = text.xcconfig; name = "Pods-iOSStudyCase.debug.xcconfig"; path = "Target Support Files/Pods-iOSStudyCase/Pods-iOSStudyCase.debug.xcconfig"; sourceTree = "<group>"; };
/* End PBXFileReference section */

/* Begin PBXFrameworksBuildPhase section */
		01632C212AF8945700A863D2 /* Frameworks */ = {
			isa = PBXFrameworksBuildPhase;
			buildActionMask = 2147483647;
			files = (
				EFC4007D8B85E98476BAAF21 /* Pods_iOSStudyCase.framework in Frameworks */,
			);
			runOnlyForDeploymentPostprocessing = 0;
		};
/* End PBXFrameworksBuildPhase section */

/* Begin PBXGroup section */
		016065832AF90E08006802A3 /* Payment */ = {
			isa = PBXGroup;
			children = (
				0160659D2AF91868006802A3 /* ViewModel */,
				0160659C2AF91864006802A3 /* Model */,
				0160657D2AF908FC006802A3 /* PaymentVC.swift */,
				0160657B2AF908F4006802A3 /* PaymentVC.xib */,
			);
			path = Payment;
			sourceTree = "<group>";
		};
		016065842AF90E0E006802A3 /* QR */ = {
			isa = PBXGroup;
			children = (
				016065962AF913B4006802A3 /* Cell */,
				0160659B2AF9185D006802A3 /* Model */,
				01632C452AF897CA00A863D2 /* QRVC.swift */,
				01632C462AF897CA00A863D2 /* QRVC.xib */,
			);
			path = QR;
			sourceTree = "<group>";
		};
		016065962AF913B4006802A3 /* Cell */ = {
			isa = PBXGroup;
			children = (
				016065972AF9145E006802A3 /* PaymentHistoryCell.swift */,
				016065982AF9145E006802A3 /* PaymentHistoryCell.xib */,
			);
			path = Cell;
			sourceTree = "<group>";
		};
		0160659B2AF9185D006802A3 /* Model */ = {
			isa = PBXGroup;
			children = (
				01632C6E2AF8F9BB00A863D2 /* QRModel.swift */,
			);
			path = Model;
			sourceTree = "<group>";
		};
		0160659C2AF91864006802A3 /* Model */ = {
			isa = PBXGroup;
			children = (
				016065882AF90F62006802A3 /* PaymentCacheKey.swift */,
				0160658E2AF91039006802A3 /* PaymentModel.swift */,
			);
			path = Model;
			sourceTree = "<group>";
		};
		0160659D2AF91868006802A3 /* ViewModel */ = {
			isa = PBXGroup;
			children = (
				0160658C2AF9102B006802A3 /* PaymentVM.swift */,
			);
			path = ViewModel;
			sourceTree = "<group>";
		};
		0160659E2AF918E2006802A3 /* Extenstion */ = {
			isa = PBXGroup;
			children = (
				01632C5D2AF8A07000A863D2 /* UIViewController.swift */,
				016065792AF9075D006802A3 /* Int.swift */,
				016065922AF912B5006802A3 /* UITableView.swift */,
				016065942AF91390006802A3 /* ClasNameProtocol.swift */,
				017694BB2B6C9EFF008ECDA9 /* UIImageView.swift */,
			);
			path = Extenstion;
			sourceTree = "<group>";
		};
		01632C1B2AF8945700A863D2 = {
			isa = PBXGroup;
			children = (
				01632C262AF8945700A863D2 /* iOSStudyCase */,
				01632C252AF8945700A863D2 /* Products */,
				E1C63A8F46E17C439C70F79A /* Pods */,
				A4E65E45BDD206D01290869E /* Frameworks */,
			);
			sourceTree = "<group>";
		};
		01632C252AF8945700A863D2 /* Products */ = {
			isa = PBXGroup;
			children = (
				01632C242AF8945700A863D2 /* iOSStudyCase.app */,
			);
			name = Products;
			sourceTree = "<group>";
		};
		01632C262AF8945700A863D2 /* iOSStudyCase */ = {
			isa = PBXGroup;
			children = (
				017694BD2B6CD343008ECDA9 /* iOSStudyCase.entitlements */,
				01632C402AF8955300A863D2 /* Main */,
				01632C3F2AF8954800A863D2 /* Resources */,
				01632C3D2AF8946800A863D2 /* Features */,
				01632C3C2AF8946200A863D2 /* Utils */,
				01632C3B2AF8945C00A863D2 /* Helpers */,
			);
			path = iOSStudyCase;
			sourceTree = "<group>";
		};
		01632C3B2AF8945C00A863D2 /* Helpers */ = {
			isa = PBXGroup;
			children = (
				016065862AF90F2B006802A3 /* LocalHelper.swift */,
				017694C42B6D4AB3008ECDA9 /* BaseNavigationController.swift */,
			);
			path = Helpers;
			sourceTree = "<group>";
		};
		01632C3C2AF8946200A863D2 /* Utils */ = {
			isa = PBXGroup;
			children = (
				0160659E2AF918E2006802A3 /* Extenstion */,
			);
			path = Utils;
			sourceTree = "<group>";
		};
		01632C3D2AF8946800A863D2 /* Features */ = {
			isa = PBXGroup;
			children = (
				01632C3E2AF8946F00A863D2 /* Root */,
				01632C412AF8979F00A863D2 /* QR */,
				01632C422AF897A500A863D2 /* Promo */,
				01632C432AF897AA00A863D2 /* Portofolio */,
			);
			path = Features;
			sourceTree = "<group>";
		};
		01632C3E2AF8946F00A863D2 /* Root */ = {
			isa = PBXGroup;
			children = (
				01632C2B2AF8945700A863D2 /* RootVC.swift */,
				01632C2D2AF8945700A863D2 /* Main.storyboard */,
			);
			path = Root;
			sourceTree = "<group>";
		};
		01632C3F2AF8954800A863D2 /* Resources */ = {
			isa = PBXGroup;
			children = (
				01632C302AF8945800A863D2 /* Assets.xcassets */,
			);
			path = Resources;
			sourceTree = "<group>";
		};
		01632C402AF8955300A863D2 /* Main */ = {
			isa = PBXGroup;
			children = (
				017694C02B6CD937008ECDA9 /* GoogleService-Info.plist */,
				01632C272AF8945700A863D2 /* AppDelegate.swift */,
				01632C292AF8945700A863D2 /* SceneDelegate.swift */,
				01632C322AF8945800A863D2 /* LaunchScreen.storyboard */,
				01632C352AF8945800A863D2 /* Info.plist */,
			);
			path = Main;
			sourceTree = "<group>";
		};
		01632C412AF8979F00A863D2 /* QR */ = {
			isa = PBXGroup;
			children = (
				016065842AF90E0E006802A3 /* QR */,
				016065832AF90E08006802A3 /* Payment */,
			);
			path = QR;
			sourceTree = "<group>";
		};
		01632C422AF897A500A863D2 /* Promo */ = {
			isa = PBXGroup;
			children = (
				017694B62B6C9CD6008ECDA9 /* Cell */,
				017694B52B6C9AE6008ECDA9 /* ViewModel */,
				017694B22B6C9A57008ECDA9 /* Model */,
				017694AF2B6C995C008ECDA9 /* Service */,
				01632C492AF897D900A863D2 /* PromoVC.swift */,
				01632C4A2AF897D900A863D2 /* PromoVC.xib */,
			);
			path = Promo;
			sourceTree = "<group>";
		};
		01632C432AF897AA00A863D2 /* Portofolio */ = {
			isa = PBXGroup;
			children = (
				017694AE2B6C97B1008ECDA9 /* ViewModel */,
				017694AD2B6C97AB008ECDA9 /* Model */,
				01632C4D2AF897E300A863D2 /* PortofolioVC.swift */,
				01632C4E2AF897E300A863D2 /* PortofolioVC.xib */,
			);
			path = Portofolio;
			sourceTree = "<group>";
		};
		017694AD2B6C97AB008ECDA9 /* Model */ = {
			isa = PBXGroup;
			children = (
				01632C552AF8995700A863D2 /* PortofolioModel.swift */,
			);
			path = Model;
			sourceTree = "<group>";
		};
		017694AE2B6C97B1008ECDA9 /* ViewModel */ = {
			isa = PBXGroup;
			children = (
				01632C592AF89D0B00A863D2 /* PortofolioVM.swift */,
			);
			path = ViewModel;
			sourceTree = "<group>";
		};
		017694AF2B6C995C008ECDA9 /* Service */ = {
			isa = PBXGroup;
			children = (
				017694B02B6C99C2008ECDA9 /* PromoService.swift */,
			);
			path = Service;
			sourceTree = "<group>";
		};
		017694B22B6C9A57008ECDA9 /* Model */ = {
			isa = PBXGroup;
			children = (
				017694B32B6C9A5C008ECDA9 /* PromoModel.swift */,
			);
			path = Model;
			sourceTree = "<group>";
		};
		017694B52B6C9AE6008ECDA9 /* ViewModel */ = {
			isa = PBXGroup;
			children = (
				01632C6A2AF8EFBC00A863D2 /* PromoVM.swift */,
			);
			path = ViewModel;
			sourceTree = "<group>";
		};
		017694B62B6C9CD6008ECDA9 /* Cell */ = {
			isa = PBXGroup;
			children = (
				017694B72B6C9D7D008ECDA9 /* PromoCell.swift */,
				017694B82B6C9D7D008ECDA9 /* PromoCell.xib */,
			);
			path = Cell;
			sourceTree = "<group>";
		};
		A4E65E45BDD206D01290869E /* Frameworks */ = {
			isa = PBXGroup;
			children = (
				42600141475BF2397A655231 /* Pods_iOSStudyCase.framework */,
			);
			name = Frameworks;
			sourceTree = "<group>";
		};
		E1C63A8F46E17C439C70F79A /* Pods */ = {
			isa = PBXGroup;
			children = (
				FDDC9D447D80CDE26FDD5F2C /* Pods-iOSStudyCase.debug.xcconfig */,
				7A0E442FBFD7535FF1EE953E /* Pods-iOSStudyCase.release.xcconfig */,
			);
			path = Pods;
			sourceTree = "<group>";
		};
/* End PBXGroup section */

/* Begin PBXNativeTarget section */
		01632C232AF8945700A863D2 /* iOSStudyCase */ = {
			isa = PBXNativeTarget;
			buildConfigurationList = 01632C382AF8945800A863D2 /* Build configuration list for PBXNativeTarget "iOSStudyCase" */;
			buildPhases = (
				6CB6352A841EEB16B539E5EA /* [CP] Check Pods Manifest.lock */,
				01632C202AF8945700A863D2 /* Sources */,
				01632C212AF8945700A863D2 /* Frameworks */,
				01632C222AF8945700A863D2 /* Resources */,
				ECE6C6621C45B9D16C12BCED /* [CP] Embed Pods Frameworks */,
			);
			buildRules = (
			);
			dependencies = (
			);
			name = iOSStudyCase;
			productName = iOSStudyCase;
			productReference = 01632C242AF8945700A863D2 /* iOSStudyCase.app */;
			productType = "com.apple.product-type.application";
		};
/* End PBXNativeTarget section */

/* Begin PBXProject section */
		01632C1C2AF8945700A863D2 /* Project object */ = {
			isa = PBXProject;
			attributes = {
				BuildIndependentTargetsInParallel = 1;
				LastSwiftUpdateCheck = 1500;
				LastUpgradeCheck = 1500;
				TargetAttributes = {
					01632C232AF8945700A863D2 = {
						CreatedOnToolsVersion = 15.0.1;
					};
				};
			};
			buildConfigurationList = 01632C1F2AF8945700A863D2 /* Build configuration list for PBXProject "iOSStudyCase" */;
			compatibilityVersion = "Xcode 14.0";
			developmentRegion = en;
			hasScannedForEncodings = 0;
			knownRegions = (
				en,
				Base,
			);
			mainGroup = 01632C1B2AF8945700A863D2;
			productRefGroup = 01632C252AF8945700A863D2 /* Products */;
			projectDirPath = "";
			projectRoot = "";
			targets = (
				01632C232AF8945700A863D2 /* iOSStudyCase */,
			);
		};
/* End PBXProject section */

/* Begin PBXResourcesBuildPhase section */
		01632C222AF8945700A863D2 /* Resources */ = {
			isa = PBXResourcesBuildPhase;
			buildActionMask = 2147483647;
			files = (
				01632C632AF8A9A100A863D2 /* Main.storyboard in Resources */,
				01632C4C2AF897D900A863D2 /* PromoVC.xib in Resources */,
				0160657C2AF908F4006802A3 /* PaymentVC.xib in Resources */,
				01632C342AF8945800A863D2 /* LaunchScreen.storyboard in Resources */,
				017694C12B6CD937008ECDA9 /* GoogleService-Info.plist in Resources */,
				01632C482AF897CA00A863D2 /* QRVC.xib in Resources */,
				01632C502AF897E300A863D2 /* PortofolioVC.xib in Resources */,
				01632C312AF8945800A863D2 /* Assets.xcassets in Resources */,
				017694BA2B6C9D7D008ECDA9 /* PromoCell.xib in Resources */,
				0160659A2AF9145E006802A3 /* PaymentHistoryCell.xib in Resources */,
			);
			runOnlyForDeploymentPostprocessing = 0;
		};
/* End PBXResourcesBuildPhase section */

/* Begin PBXShellScriptBuildPhase section */
		6CB6352A841EEB16B539E5EA /* [CP] Check Pods Manifest.lock */ = {
			isa = PBXShellScriptBuildPhase;
			buildActionMask = 2147483647;
			files = (
			);
			inputFileListPaths = (
			);
			inputPaths = (
				"${PODS_PODFILE_DIR_PATH}/Podfile.lock",
				"${PODS_ROOT}/Manifest.lock",
			);
			name = "[CP] Check Pods Manifest.lock";
			outputFileListPaths = (
			);
			outputPaths = (
				"$(DERIVED_FILE_DIR)/Pods-iOSStudyCase-checkManifestLockResult.txt",
			);
			runOnlyForDeploymentPostprocessing = 0;
			shellPath = /bin/sh;
			shellScript = "diff \"${PODS_PODFILE_DIR_PATH}/Podfile.lock\" \"${PODS_ROOT}/Manifest.lock\" > /dev/null\nif [ $? != 0 ] ; then\n    # print error to STDERR\n    echo \"error: The sandbox is not in sync with the Podfile.lock. Run 'pod install' or update your CocoaPods installation.\" >&2\n    exit 1\nfi\n# This output is used by Xcode 'outputs' to avoid re-running this script phase.\necho \"SUCCESS\" > \"${SCRIPT_OUTPUT_FILE_0}\"\n";
			showEnvVarsInLog = 0;
		};
		ECE6C6621C45B9D16C12BCED /* [CP] Embed Pods Frameworks */ = {
			isa = PBXShellScriptBuildPhase;
			buildActionMask = 2147483647;
			files = (
			);
			inputFileListPaths = (
				"${PODS_ROOT}/Target Support Files/Pods-iOSStudyCase/Pods-iOSStudyCase-frameworks-${CONFIGURATION}-input-files.xcfilelist",
			);
			name = "[CP] Embed Pods Frameworks";
			outputFileListPaths = (
				"${PODS_ROOT}/Target Support Files/Pods-iOSStudyCase/Pods-iOSStudyCase-frameworks-${CONFIGURATION}-output-files.xcfilelist",
			);
			runOnlyForDeploymentPostprocessing = 0;
			shellPath = /bin/sh;
			shellScript = "\"${PODS_ROOT}/Target Support Files/Pods-iOSStudyCase/Pods-iOSStudyCase-frameworks.sh\"\n";
			showEnvVarsInLog = 0;
		};
/* End PBXShellScriptBuildPhase section */

/* Begin PBXSourcesBuildPhase section */
		01632C202AF8945700A863D2 /* Sources */ = {
			isa = PBXSourcesBuildPhase;
			buildActionMask = 2147483647;
			files = (
				017694C52B6D4AB3008ECDA9 /* BaseNavigationController.swift in Sources */,
				01632C2C2AF8945700A863D2 /* RootVC.swift in Sources */,
				017694BC2B6C9EFF008ECDA9 /* UIImageView.swift in Sources */,
				01632C472AF897CA00A863D2 /* QRVC.swift in Sources */,
				01632C4B2AF897D900A863D2 /* PromoVC.swift in Sources */,
				01632C6F2AF8F9BB00A863D2 /* QRModel.swift in Sources */,
				016065892AF90F62006802A3 /* PaymentCacheKey.swift in Sources */,
				017694B42B6C9A5C008ECDA9 /* PromoModel.swift in Sources */,
				01632C5E2AF8A07000A863D2 /* UIViewController.swift in Sources */,
				016065872AF90F2B006802A3 /* LocalHelper.swift in Sources */,
				016065932AF912B5006802A3 /* UITableView.swift in Sources */,
				0160657A2AF9075D006802A3 /* Int.swift in Sources */,
				0160658D2AF9102B006802A3 /* PaymentVM.swift in Sources */,
				016065992AF9145E006802A3 /* PaymentHistoryCell.swift in Sources */,
				01632C5A2AF89D0B00A863D2 /* PortofolioVM.swift in Sources */,
				0160658F2AF91039006802A3 /* PaymentModel.swift in Sources */,
				016065952AF91390006802A3 /* ClasNameProtocol.swift in Sources */,
				0160657E2AF908FC006802A3 /* PaymentVC.swift in Sources */,
				01632C282AF8945700A863D2 /* AppDelegate.swift in Sources */,
				01632C2A2AF8945700A863D2 /* SceneDelegate.swift in Sources */,
				017694B12B6C99C2008ECDA9 /* PromoService.swift in Sources */,
				01632C562AF8995700A863D2 /* PortofolioModel.swift in Sources */,
				01632C6B2AF8EFBC00A863D2 /* PromoVM.swift in Sources */,
				017694B92B6C9D7D008ECDA9 /* PromoCell.swift in Sources */,
				01632C4F2AF897E300A863D2 /* PortofolioVC.swift in Sources */,
			);
			runOnlyForDeploymentPostprocessing = 0;
		};
/* End PBXSourcesBuildPhase section */

/* Begin PBXVariantGroup section */
		01632C2D2AF8945700A863D2 /* Main.storyboard */ = {
			isa = PBXVariantGroup;
			children = (
				01632C2E2AF8945700A863D2 /* Base */,
			);
			name = Main.storyboard;
			sourceTree = "<group>";
		};
		01632C322AF8945800A863D2 /* LaunchScreen.storyboard */ = {
			isa = PBXVariantGroup;
			children = (
				01632C332AF8945800A863D2 /* Base */,
			);
			name = LaunchScreen.storyboard;
			sourceTree = "<group>";
		};
/* End PBXVariantGroup section */

/* Begin XCBuildConfiguration section */
		01632C362AF8945800A863D2 /* Debug */ = {
			isa = XCBuildConfiguration;
			buildSettings = {
				ALWAYS_SEARCH_USER_PATHS = NO;
				ASSETCATALOG_COMPILER_GENERATE_SWIFT_ASSET_SYMBOL_EXTENSIONS = YES;
				CLANG_ANALYZER_NONNULL = YES;
				CLANG_ANALYZER_NUMBER_OBJECT_CONVERSION = YES_AGGRESSIVE;
				CLANG_CXX_LANGUAGE_STANDARD = "gnu++20";
				CLANG_ENABLE_MODULES = YES;
				CLANG_ENABLE_OBJC_ARC = YES;
				CLANG_ENABLE_OBJC_WEAK = YES;
				CLANG_WARN_BLOCK_CAPTURE_AUTORELEASING = YES;
				CLANG_WARN_BOOL_CONVERSION = YES;
				CLANG_WARN_COMMA = YES;
				CLANG_WARN_CONSTANT_CONVERSION = YES;
				CLANG_WARN_DEPRECATED_OBJC_IMPLEMENTATIONS = YES;
				CLANG_WARN_DIRECT_OBJC_ISA_USAGE = YES_ERROR;
				CLANG_WARN_DOCUMENTATION_COMMENTS = YES;
				CLANG_WARN_EMPTY_BODY = YES;
				CLANG_WARN_ENUM_CONVERSION = YES;
				CLANG_WARN_INFINITE_RECURSION = YES;
				CLANG_WARN_INT_CONVERSION = YES;
				CLANG_WARN_NON_LITERAL_NULL_CONVERSION = YES;
				CLANG_WARN_OBJC_IMPLICIT_RETAIN_SELF = YES;
				CLANG_WARN_OBJC_LITERAL_CONVERSION = YES;
				CLANG_WARN_OBJC_ROOT_CLASS = YES_ERROR;
				CLANG_WARN_QUOTED_INCLUDE_IN_FRAMEWORK_HEADER = YES;
				CLANG_WARN_RANGE_LOOP_ANALYSIS = YES;
				CLANG_WARN_STRICT_PROTOTYPES = YES;
				CLANG_WARN_SUSPICIOUS_MOVE = YES;
				CLANG_WARN_UNGUARDED_AVAILABILITY = YES_AGGRESSIVE;
				CLANG_WARN_UNREACHABLE_CODE = YES;
				CLANG_WARN__DUPLICATE_METHOD_MATCH = YES;
				COPY_PHASE_STRIP = NO;
				DEBUG_INFORMATION_FORMAT = dwarf;
				ENABLE_STRICT_OBJC_MSGSEND = YES;
				ENABLE_TESTABILITY = YES;
				ENABLE_USER_SCRIPT_SANDBOXING = YES;
				GCC_C_LANGUAGE_STANDARD = gnu17;
				GCC_DYNAMIC_NO_PIC = NO;
				GCC_NO_COMMON_BLOCKS = YES;
				GCC_OPTIMIZATION_LEVEL = 0;
				GCC_PREPROCESSOR_DEFINITIONS = (
					"DEBUG=1",
					"$(inherited)",
				);
				GCC_WARN_64_TO_32_BIT_CONVERSION = YES;
				GCC_WARN_ABOUT_RETURN_TYPE = YES_ERROR;
				GCC_WARN_UNDECLARED_SELECTOR = YES;
				GCC_WARN_UNINITIALIZED_AUTOS = YES_AGGRESSIVE;
				GCC_WARN_UNUSED_FUNCTION = YES;
				GCC_WARN_UNUSED_VARIABLE = YES;
				IPHONEOS_DEPLOYMENT_TARGET = 17.0;
				LOCALIZATION_PREFERS_STRING_CATALOGS = YES;
				MTL_ENABLE_DEBUG_INFO = INCLUDE_SOURCE;
				MTL_FAST_MATH = YES;
				ONLY_ACTIVE_ARCH = YES;
				SDKROOT = iphoneos;
				SWIFT_ACTIVE_COMPILATION_CONDITIONS = "DEBUG $(inherited)";
				SWIFT_OPTIMIZATION_LEVEL = "-Onone";
			};
			name = Debug;
		};
		01632C372AF8945800A863D2 /* Release */ = {
			isa = XCBuildConfiguration;
			buildSettings = {
				ALWAYS_SEARCH_USER_PATHS = NO;
				ASSETCATALOG_COMPILER_GENERATE_SWIFT_ASSET_SYMBOL_EXTENSIONS = YES;
				CLANG_ANALYZER_NONNULL = YES;
				CLANG_ANALYZER_NUMBER_OBJECT_CONVERSION = YES_AGGRESSIVE;
				CLANG_CXX_LANGUAGE_STANDARD = "gnu++20";
				CLANG_ENABLE_MODULES = YES;
				CLANG_ENABLE_OBJC_ARC = YES;
				CLANG_ENABLE_OBJC_WEAK = YES;
				CLANG_WARN_BLOCK_CAPTURE_AUTORELEASING = YES;
				CLANG_WARN_BOOL_CONVERSION = YES;
				CLANG_WARN_COMMA = YES;
				CLANG_WARN_CONSTANT_CONVERSION = YES;
				CLANG_WARN_DEPRECATED_OBJC_IMPLEMENTATIONS = YES;
				CLANG_WARN_DIRECT_OBJC_ISA_USAGE = YES_ERROR;
				CLANG_WARN_DOCUMENTATION_COMMENTS = YES;
				CLANG_WARN_EMPTY_BODY = YES;
				CLANG_WARN_ENUM_CONVERSION = YES;
				CLANG_WARN_INFINITE_RECURSION = YES;
				CLANG_WARN_INT_CONVERSION = YES;
				CLANG_WARN_NON_LITERAL_NULL_CONVERSION = YES;
				CLANG_WARN_OBJC_IMPLICIT_RETAIN_SELF = YES;
				CLANG_WARN_OBJC_LITERAL_CONVERSION = YES;
				CLANG_WARN_OBJC_ROOT_CLASS = YES_ERROR;
				CLANG_WARN_QUOTED_INCLUDE_IN_FRAMEWORK_HEADER = YES;
				CLANG_WARN_RANGE_LOOP_ANALYSIS = YES;
				CLANG_WARN_STRICT_PROTOTYPES = YES;
				CLANG_WARN_SUSPICIOUS_MOVE = YES;
				CLANG_WARN_UNGUARDED_AVAILABILITY = YES_AGGRESSIVE;
				CLANG_WARN_UNREACHABLE_CODE = YES;
				CLANG_WARN__DUPLICATE_METHOD_MATCH = YES;
				COPY_PHASE_STRIP = NO;
				DEBUG_INFORMATION_FORMAT = "dwarf-with-dsym";
				ENABLE_NS_ASSERTIONS = NO;
				ENABLE_STRICT_OBJC_MSGSEND = YES;
				ENABLE_USER_SCRIPT_SANDBOXING = YES;
				GCC_C_LANGUAGE_STANDARD = gnu17;
				GCC_NO_COMMON_BLOCKS = YES;
				GCC_WARN_64_TO_32_BIT_CONVERSION = YES;
				GCC_WARN_ABOUT_RETURN_TYPE = YES_ERROR;
				GCC_WARN_UNDECLARED_SELECTOR = YES;
				GCC_WARN_UNINITIALIZED_AUTOS = YES_AGGRESSIVE;
				GCC_WARN_UNUSED_FUNCTION = YES;
				GCC_WARN_UNUSED_VARIABLE = YES;
				IPHONEOS_DEPLOYMENT_TARGET = 17.0;
				LOCALIZATION_PREFERS_STRING_CATALOGS = YES;
				MTL_ENABLE_DEBUG_INFO = NO;
				MTL_FAST_MATH = YES;
				SDKROOT = iphoneos;
				SWIFT_COMPILATION_MODE = wholemodule;
				VALIDATE_PRODUCT = YES;
			};
			name = Release;
		};
		01632C392AF8945800A863D2 /* Debug */ = {
			isa = XCBuildConfiguration;
			baseConfigurationReference = FDDC9D447D80CDE26FDD5F2C /* Pods-iOSStudyCase.debug.xcconfig */;
			buildSettings = {
				ASSETCATALOG_COMPILER_APPICON_NAME = AppIcon;
				ASSETCATALOG_COMPILER_GLOBAL_ACCENT_COLOR_NAME = AccentColor;
				CODE_SIGN_ENTITLEMENTS = iOSStudyCase/iOSStudyCase.entitlements;
				CODE_SIGN_STYLE = Automatic;
				CURRENT_PROJECT_VERSION = 1;
				DEVELOPMENT_TEAM = H38Z3KFGH4;
				ENABLE_USER_SCRIPT_SANDBOXING = NO;
				GENERATE_INFOPLIST_FILE = YES;
				INFOPLIST_FILE = iOSStudyCase/Main/Info.plist;
				INFOPLIST_KEY_NSCalendarsUsageDescription = "We use the calendar to schedule notifications.";
				INFOPLIST_KEY_NSCameraUsageDescription = "used to scan barcode";
				INFOPLIST_KEY_NSPhotoLibraryAddUsageDescription = "used to get photos barcode";
				INFOPLIST_KEY_UIApplicationSupportsIndirectInputEvents = YES;
				INFOPLIST_KEY_UILaunchStoryboardName = LaunchScreen.storyboard;
				INFOPLIST_KEY_UIMainStoryboardFile = Main;
				INFOPLIST_KEY_UISupportedInterfaceOrientations_iPad = "UIInterfaceOrientationPortrait UIInterfaceOrientationPortraitUpsideDown UIInterfaceOrientationLandscapeLeft UIInterfaceOrientationLandscapeRight";
				INFOPLIST_KEY_UISupportedInterfaceOrientations_iPhone = "UIInterfaceOrientationPortrait UIInterfaceOrientationLandscapeLeft UIInterfaceOrientationLandscapeRight";
				LD_RUNPATH_SEARCH_PATHS = (
					"$(inherited)",
					"@executable_path/Frameworks",
				);
				MARKETING_VERSION = 1.0;
				PRODUCT_BUNDLE_IDENTIFIER = id.rrdev.testasasa;
				PRODUCT_NAME = "$(TARGET_NAME)";
				SUPPORTED_PLATFORMS = "iphoneos iphonesimulator";
				SUPPORTS_MACCATALYST = NO;
				SUPPORTS_MAC_DESIGNED_FOR_IPHONE_IPAD = NO;
				SUPPORTS_XR_DESIGNED_FOR_IPHONE_IPAD = NO;
				SWIFT_EMIT_LOC_STRINGS = YES;
				SWIFT_VERSION = 5.0;
				TARGETED_DEVICE_FAMILY = "1,2";
			};
			name = Debug;
		};
		01632C3A2AF8945800A863D2 /* Release */ = {
			isa = XCBuildConfiguration;
			baseConfigurationReference = 7A0E442FBFD7535FF1EE953E /* Pods-iOSStudyCase.release.xcconfig */;
			buildSettings = {
				ASSETCATALOG_COMPILER_APPICON_NAME = AppIcon;
				ASSETCATALOG_COMPILER_GLOBAL_ACCENT_COLOR_NAME = AccentColor;
				CODE_SIGN_ENTITLEMENTS = iOSStudyCase/iOSStudyCase.entitlements;
				CODE_SIGN_STYLE = Automatic;
				CURRENT_PROJECT_VERSION = 1;
				DEVELOPMENT_TEAM = H38Z3KFGH4;
				ENABLE_USER_SCRIPT_SANDBOXING = NO;
				GENERATE_INFOPLIST_FILE = YES;
				INFOPLIST_FILE = iOSStudyCase/Main/Info.plist;
				INFOPLIST_KEY_NSCalendarsUsageDescription = "We use the calendar to schedule notifications.";
				INFOPLIST_KEY_NSCameraUsageDescription = "used to scan barcode";
				INFOPLIST_KEY_NSPhotoLibraryAddUsageDescription = "used to get photos barcode";
				INFOPLIST_KEY_UIApplicationSupportsIndirectInputEvents = YES;
				INFOPLIST_KEY_UILaunchStoryboardName = LaunchScreen.storyboard;
				INFOPLIST_KEY_UIMainStoryboardFile = Main;
				INFOPLIST_KEY_UISupportedInterfaceOrientations_iPad = "UIInterfaceOrientationPortrait UIInterfaceOrientationPortraitUpsideDown UIInterfaceOrientationLandscapeLeft UIInterfaceOrientationLandscapeRight";
				INFOPLIST_KEY_UISupportedInterfaceOrientations_iPhone = "UIInterfaceOrientationPortrait UIInterfaceOrientationLandscapeLeft UIInterfaceOrientationLandscapeRight";
				LD_RUNPATH_SEARCH_PATHS = (
					"$(inherited)",
					"@executable_path/Frameworks",
				);
				MARKETING_VERSION = 1.0;
				PRODUCT_BUNDLE_IDENTIFIER = id.rrdev.testasasa;
				PRODUCT_NAME = "$(TARGET_NAME)";
				SUPPORTED_PLATFORMS = "iphoneos iphonesimulator";
				SUPPORTS_MACCATALYST = NO;
				SUPPORTS_MAC_DESIGNED_FOR_IPHONE_IPAD = NO;
				SUPPORTS_XR_DESIGNED_FOR_IPHONE_IPAD = NO;
				SWIFT_EMIT_LOC_STRINGS = YES;
				SWIFT_VERSION = 5.0;
				TARGETED_DEVICE_FAMILY = "1,2";
			};
			name = Release;
		};
/* End XCBuildConfiguration section */

/* Begin XCConfigurationList section */
		01632C1F2AF8945700A863D2 /* Build configuration list for PBXProject "iOSStudyCase" */ = {
			isa = XCConfigurationList;
			buildConfigurations = (
				01632C362AF8945800A863D2 /* Debug */,
				01632C372AF8945800A863D2 /* Release */,
			);
			defaultConfigurationIsVisible = 0;
			defaultConfigurationName = Release;
		};
		01632C382AF8945800A863D2 /* Build configuration list for PBXNativeTarget "iOSStudyCase" */ = {
			isa = XCConfigurationList;
			buildConfigurations = (
				01632C392AF8945800A863D2 /* Debug */,
				01632C3A2AF8945800A863D2 /* Release */,
			);
			defaultConfigurationIsVisible = 0;
			defaultConfigurationName = Release;
		};
/* End XCConfigurationList section */
	};
	rootObject = 01632C1C2AF8945700A863D2 /* Project object */;
}
